{
  "version": 4,
  "terraform_version": "1.15.4",
  "serial": 89,
  "lineage": "6f766a18-5dc3-184c-cea7-2f2844814f1c",
  "outputs": {
    "reserved_ip": {
      "value": "159.89.213.196",
      "type": "string"
    },
    "vm1_ip": {
      "value": "142.93.106.131",
      "type": "string"
    },
    "vm1_private_ip": {
      "value": "10.114.0.8",
      "type": "string"
    },
    "vm2_ip": {
      "value": "134.209.226.72",
      "type": "string"
    },
    "vm2_private_ip": {
      "value": "10.114.0.9",
      "type": "string"
    }
  },
  "resources": [
    {
      "mode": "data",
      "type": "digitalocean_ssh_keys",
      "name": "all",
      "provider": "provider[\"registry.terraform.io/digitalocean/digitalocean\"]",
      "instances": [
        {
          "schema_version": 0,
          "attributes": {
            "filter": null,
            "id": "ssh_keys/45541214347292873",
            "sort": null,
            "ssh_keys": [
              {
                "fingerprint": "7f:4b:63:74:8b:87:8a:f6:09:7d:69:61:d0:9a:4f:7d",
                "id": 56496832,
                "name": "Victor Mac",
                "public_key": "ssh-ed25519 AAAAC3NzaC1lZDI1NTE5AAAAINVOvMQOTAzICFln7WR4D924k9DjBTpfpuFEwriN5r+2 victor.troelsen@gmail.com"
              },
              {
                "fingerprint": "44:84:5a:7b:cb:2b:2c:aa:6e:32:be:0c:5a:a9:b8:88",
                "id": 55773749,
                "name": "nickc-windows",
                "public_key": "ssh-ed25519 AAAAC3NzaC1lZDI1NTE5AAAAIIz50/3WSLUXVJSDHYTe8C2ONxqh+kSwM4/Q8c9jpW4B lordkjaer@devops-ducks"
              },
              {
                "fingerprint": "77:14:b1:25:7a:a9:bd:25:da:c3:1d:9f:25:20:85:79",
                "id": 54550717,
                "name": "alhh@itu.dk",
                "public_key": "ssh-ed25519 AAAAC3NzaC1lZDI1NTE5AAAAII3vEzIcWYC4RZyYWHeVPc8YdO6NEW/J6XNB4KCZqVfI alhh@itu.dk"
              },
              {
                "fingerprint": "70:c2:68:44:bc:fc:59:19:dc:91:86:d8:24:b5:19:69",
                "id": 54350859,
                "name": "Nanna_Laptop",
                "public_key": "ssh-ed25519 AAAAC3NzaC1lZDI1NTE5AAAAILj5XpaZ/ZkNMgkQPQMGCB6upygplijA4SOZI7/YlkBQ nanna@PCHelge"
              },
              {
                "fingerprint": "a6:ba:91:58:27:a2:57:c2:ce:01:13:98:4e:ab:d0:b7",
                "id": 54343278,
                "name": "terraform",
                "public_key": "ssh-ed25519 AAAAC3NzaC1lZDI1NTE5AAAAIFyZsGAOPerrie/GSU93QyXD9RR3+mKZBXsst6j/dotG victortroelsen@fedora"
              },
              {
                "fingerprint": "38:aa:b0:fc:df:53:25:11:e9:6f:f6:10:8a:6e:3a:38",
                "id": 54339138,
                "name": "vitr@itu.dk\n",
                "public_key": "ssh-rsa AAAAB3NzaC1yc2EAAAADAQABAAACAQC11V+Yoy79wY9bVCufAZrR69EpjQUakX09E4wwLC4VcFaL/dftVO2oY/UyMUqqLrCLWQgyHpYo7bVaZsVjmin1O1vTkv+igEnt7JjQc9YsVQE4Koz6Q7RbBi5o8Z1woM3CC6jdpfeGj0U1xXr3vrL7YlCZuXH+G+JFlO1mdY8Y2LzWpZ/p+aUTBzQBsxNgfv5X3ViYUcITp4azwY+/RkB2SoUqeagMWppmNMYLRhZZu5fro6DE5lbx2X5Jx3Bc077sPTcCt9j+RM+MEdjxdCv88hTl4M8gzvJWMbA7DvQQ9v8WTKlr+e1QjCOrCLDOQcFk5RcUcqvJ8IxAxh9pZjm59I47kHZlOXrPf61x752thG43zj6qHkKzwLFjTNaJiqbQuyQC0RGOUOYSZrkBhn3bxdbsxdzPWZ23Yh/83mmGk93k9ZTIXtKm3gYRb95p0SdrKlb8LYVkNFcHtR2V4u7CGkUlZWzHIsz/wUFd8p8Rpp0hzCwjPqPsmJUxmX0cznxOiiAZfrLq/SALnSnUOOIuK89qgwsEgbssSQSJEfdQNLEAjPJDCUPI6ohySFllOkuJYfMzURDMkhpBgOxEMV8tdy4bW2dxAypCSUABvcdrseVJ9MWpnNAl59XzsyVXJb39zxGy2UMiudGiRiYyKcQE7hALwAOOvnttstKeMvn/nw== vitr@itu.dk\n"
              }
            ]
          },
          "sensitive_attributes": [],
          "identity_schema_version": 0
        }
      ]
    },
    {
      "mode": "managed",
      "type": "digitalocean_droplet",
      "name": "vm1",
      "provider": "provider[\"registry.terraform.io/digitalocean/digitalocean\"]",
      "instances": [
        {
          "schema_version": 1,
          "attributes": {
            "backup_policy": [],
            "backups": false,
            "created_at": "2026-05-21T10:23:40Z",
            "disk": 80,
            "droplet_agent": null,
            "graceful_shutdown": false,
            "id": "572293204",
            "image": "ubuntu-24-04-x64",
            "ipv4_address": "142.93.106.131",
            "ipv4_address_private": "10.114.0.8",
            "ipv6": false,
            "ipv6_address": "",
            "locked": false,
            "memory": 4096,
            "monitoring": false,
            "name": "web-1",
            "price_hourly": 0.03571,
            "price_monthly": 24,
            "private_networking": true,
            "region": "fra1",
            "resize_disk": true,
            "size": "s-2vcpu-4gb",
            "ssh_keys": [
              "54339138",
              "54343278",
              "54350859",
              "54550717",
              "55773749",
              "56496832"
            ],
            "status": "active",
            "tags": [],
            "timeouts": null,
            "urn": "do:droplet:572293204",
            "user_data": null,
            "vcpus": 2,
            "volume_ids": [],
            "vpc_uuid": "e80e5896-668c-406e-92f8-d575e106a9c7"
          },
          "sensitive_attributes": [],
          "identity_schema_version": 0,
          "private": "eyJlMmJmYjczMC1lY2FhLTExZTYtOGY4OC0zNDM2M2JjN2M0YzAiOnsiY3JlYXRlIjozNjAwMDAwMDAwMDAwLCJkZWxldGUiOjYwMDAwMDAwMDAwLCJ1cGRhdGUiOjM2MDAwMDAwMDAwMDB9LCJzY2hlbWFfdmVyc2lvbiI6IjEifQ==",
          "dependencies": [
            "data.digitalocean_ssh_keys.all"
          ]
        }
      ]
    },
    {
      "mode": "managed",
      "type": "digitalocean_droplet",
      "name": "vm2",
      "provider": "provider[\"registry.terraform.io/digitalocean/digitalocean\"]",
      "instances": [
        {
          "schema_version": 1,
          "attributes": {
            "backup_policy": [],
            "backups": false,
            "created_at": "2026-05-21T10:23:40Z",
            "disk": 80,
            "droplet_agent": null,
            "graceful_shutdown": false,
            "id": "572293205",
            "image": "ubuntu-24-04-x64",
            "ipv4_address": "134.209.226.72",
            "ipv4_address_private": "10.114.0.9",
            "ipv6": false,
            "ipv6_address": "",
            "locked": false,
            "memory": 4096,
            "monitoring": false,
            "name": "web-2",
            "price_hourly": 0.03571,
            "price_monthly": 24,
            "private_networking": true,
            "region": "fra1",
            "resize_disk": true,
            "size": "s-2vcpu-4gb",
            "ssh_keys": [
              "54339138",
              "54343278",
              "54350859",
              "54550717",
              "55773749",
              "56496832"
            ],
            "status": "active",
            "tags": [],
            "timeouts": null,
            "urn": "do:droplet:572293205",
            "user_data": null,
            "vcpus": 2,
            "volume_ids": [],
            "vpc_uuid": "e80e5896-668c-406e-92f8-d575e106a9c7"
          },
          "sensitive_attributes": [],
          "identity_schema_version": 0,
          "private": "eyJlMmJmYjczMC1lY2FhLTExZTYtOGY4OC0zNDM2M2JjN2M0YzAiOnsiY3JlYXRlIjozNjAwMDAwMDAwMDAwLCJkZWxldGUiOjYwMDAwMDAwMDAwLCJ1cGRhdGUiOjM2MDAwMDAwMDAwMDB9LCJzY2hlbWFfdmVyc2lvbiI6IjEifQ==",
          "dependencies": [
            "data.digitalocean_ssh_keys.all"
          ]
        }
      ]
    },
    {
      "mode": "managed",
      "type": "digitalocean_firewall",
      "name": "web",
      "provider": "provider[\"registry.terraform.io/digitalocean/digitalocean\"]",
      "instances": [
        {
          "schema_version": 0,
          "attributes": {
            "created_at": "2026-05-21T10:25:49Z",
            "droplet_ids": [
              572293204,
              572293205
            ],
            "id": "ecf9f479-0640-47e7-86c7-870d9897d57e",
            "inbound_rule": [
              {
                "port_range": "22",
                "protocol": "tcp",
                "source_addresses": [
                  "0.0.0.0/0",
                  "::/0"
                ],
                "source_droplet_ids": [],
                "source_kubernetes_ids": [],
                "source_load_balancer_uids": [],
                "source_tags": []
              },
              {
                "port_range": "3000",
                "protocol": "tcp",
                "source_addresses": [
                  "0.0.0.0/0",
                  "::/0"
                ],
                "source_droplet_ids": [],
                "source_kubernetes_ids": [],
                "source_load_balancer_uids": [],
                "source_tags": []
              },
              {
                "port_range": "443",
                "protocol": "tcp",
                "source_addresses": [
                  "0.0.0.0/0",
                  "::/0"
                ],
                "source_droplet_ids": [],
                "source_kubernetes_ids": [],
                "source_load_balancer_uids": [],
                "source_tags": []
              },
              {
                "port_range": "80",
                "protocol": "tcp",
                "source_addresses": [
                  "0.0.0.0/0",
                  "::/0"
                ],
                "source_droplet_ids": [],
                "source_kubernetes_ids": [],
                "source_load_balancer_uids": [],
                "source_tags": []
              }
            ],
            "name": "minitwit-firewall",
            "outbound_rule": [
              {
                "destination_addresses": [
                  "0.0.0.0/0",
                  "::/0"
                ],
                "destination_droplet_ids": [],
                "destination_kubernetes_ids": [],
                "destination_load_balancer_uids": [],
                "destination_tags": [],
                "port_range": "",
                "protocol": "icmp"
              },
              {
                "destination_addresses": [
                  "0.0.0.0/0",
                  "::/0"
                ],
                "destination_droplet_ids": [],
                "destination_kubernetes_ids": [],
                "destination_load_balancer_uids": [],
                "destination_tags": [],
                "port_range": "1-65535",
                "protocol": "tcp"
              },
              {
                "destination_addresses": [
                  "0.0.0.0/0",
                  "::/0"
                ],
                "destination_droplet_ids": [],
                "destination_kubernetes_ids": [],
                "destination_load_balancer_uids": [],
                "destination_tags": [],
                "port_range": "1-65535",
                "protocol": "udp"
              }
            ],
            "pending_changes": [],
            "status": "succeeded",
            "tags": []
          },
          "sensitive_attributes": [],
          "identity_schema_version": 0,
          "private": "bnVsbA==",
          "dependencies": [
            "data.digitalocean_ssh_keys.all",
            "digitalocean_droplet.vm1",
            "digitalocean_droplet.vm2"
          ]
        }
      ]
    },
    {
      "mode": "managed",
      "type": "digitalocean_reserved_ip",
      "name": "web",
      "provider": "provider[\"registry.terraform.io/digitalocean/digitalocean\"]",
      "instances": [
        {
          "schema_version": 0,
          "attributes": {
            "droplet_id": null,
            "id": "159.89.213.196",
            "ip_address": "159.89.213.196",
            "region": "fra1",
            "urn": "do:reservedip:159.89.213.196"
          },
          "sensitive_attributes": [],
          "identity_schema_version": 0,
          "private": "bnVsbA=="
        }
      ]
    },
    {
      "mode": "managed",
      "type": "null_resource",
      "name": "keepalived_vm1",
      "provider": "provider[\"registry.terraform.io/hashicorp/null\"]",
      "instances": [
        {
          "status": "tainted",
          "schema_version": 0,
          "attributes": {
            "id": "8124161886045703960",
            "triggers": null
          },
          "sensitive_attributes": [],
          "identity_schema_version": 0,
          "dependencies": [
            "data.digitalocean_ssh_keys.all",
            "digitalocean_droplet.vm1",
            "digitalocean_droplet.vm2",
            "digitalocean_reserved_ip.web"
          ]
        }
      ]
    },
    {
      "mode": "managed",
      "type": "null_resource",
      "name": "keepalived_vm2",
      "provider": "provider[\"registry.terraform.io/hashicorp/null\"]",
      "instances": [
        {
          "status": "tainted",
          "schema_version": 0,
          "attributes": {
            "id": "1950498775876159600",
            "triggers": null
          },
          "sensitive_attributes": [],
          "identity_schema_version": 0,
          "dependencies": [
            "data.digitalocean_ssh_keys.all",
            "digitalocean_droplet.vm1",
            "digitalocean_droplet.vm2",
            "digitalocean_reserved_ip.web"
          ]
        }
      ]
    }
  ],
  "check_results": null
}
