{
  "version": 4,
  "terraform_version": "1.14.8",
  "serial": 28,
  "lineage": "6f766a18-5dc3-184c-cea7-2f2844814f1c",
  "outputs": {
    "droplet_ip": {
      "value": "46.101.127.217",
      "type": "string"
    }
  },
  "resources": [
    {
      "mode": "data",
      "type": "digitalocean_ssh_keys",
      "name": "all",
      "provider": "provider[\"registry.terraform.io/digitalocean/digitalocean\"]",
      "instances": [
        {
          "schema_version": 0,
          "attributes": {
            "filter": null,
            "id": "ssh_keys/1046359261195395703",
            "sort": null,
            "ssh_keys": [
              {
                "fingerprint": "77:14:b1:25:7a:a9:bd:25:da:c3:1d:9f:25:20:85:79",
                "id": 54550717,
                "name": "alhh@itu.dk",
                "public_key": "ssh-ed25519 AAAAC3NzaC1lZDI1NTE5AAAAII3vEzIcWYC4RZyYWHeVPc8YdO6NEW/J6XNB4KCZqVfI alhh@itu.dk"
              },
              {
                "fingerprint": "70:c2:68:44:bc:fc:59:19:dc:91:86:d8:24:b5:19:69",
                "id": 54350859,
                "name": "Nanna_Laptop",
                "public_key": "ssh-ed25519 AAAAC3NzaC1lZDI1NTE5AAAAILj5XpaZ/ZkNMgkQPQMGCB6upygplijA4SOZI7/YlkBQ nanna@PCHelge"
              },
              {
                "fingerprint": "a6:ba:91:58:27:a2:57:c2:ce:01:13:98:4e:ab:d0:b7",
                "id": 54343278,
                "name": "terraform",
                "public_key": "ssh-ed25519 AAAAC3NzaC1lZDI1NTE5AAAAIFyZsGAOPerrie/GSU93QyXD9RR3+mKZBXsst6j/dotG victortroelsen@fedora"
              },
              {
                "fingerprint": "38:aa:b0:fc:df:53:25:11:e9:6f:f6:10:8a:6e:3a:38",
                "id": 54339138,
                "name": "vitr@itu.dk\n",
                "public_key": "ssh-rsa AAAAB3NzaC1yc2EAAAADAQABAAACAQC11V+Yoy79wY9bVCufAZrR69EpjQUakX09E4wwLC4VcFaL/dftVO2oY/UyMUqqLrCLWQgyHpYo7bVaZsVjmin1O1vTkv+igEnt7JjQc9YsVQE4Koz6Q7RbBi5o8Z1woM3CC6jdpfeGj0U1xXr3vrL7YlCZuXH+G+JFlO1mdY8Y2LzWpZ/p+aUTBzQBsxNgfv5X3ViYUcITp4azwY+/RkB2SoUqeagMWppmNMYLRhZZu5fro6DE5lbx2X5Jx3Bc077sPTcCt9j+RM+MEdjxdCv88hTl4M8gzvJWMbA7DvQQ9v8WTKlr+e1QjCOrCLDOQcFk5RcUcqvJ8IxAxh9pZjm59I47kHZlOXrPf61x752thG43zj6qHkKzwLFjTNaJiqbQuyQC0RGOUOYSZrkBhn3bxdbsxdzPWZ23Yh/83mmGk93k9ZTIXtKm3gYRb95p0SdrKlb8LYVkNFcHtR2V4u7CGkUlZWzHIsz/wUFd8p8Rpp0hzCwjPqPsmJUxmX0cznxOiiAZfrLq/SALnSnUOOIuK89qgwsEgbssSQSJEfdQNLEAjPJDCUPI6ohySFllOkuJYfMzURDMkhpBgOxEMV8tdy4bW2dxAypCSUABvcdrseVJ9MWpnNAl59XzsyVXJb39zxGy2UMiudGiRiYyKcQE7hALwAOOvnttstKeMvn/nw== vitr@itu.dk\n"
              }
            ]
          },
          "sensitive_attributes": [],
          "identity_schema_version": 0
        }
      ]
    },
    {
      "mode": "managed",
      "type": "digitalocean_droplet",
      "name": "ubuntu-s-2vcpu-4gb-fra1-01",
      "provider": "provider[\"registry.terraform.io/digitalocean/digitalocean\"]",
      "instances": [
        {
          "schema_version": 1,
          "attributes": {
            "backup_policy": [],
            "backups": false,
            "created_at": "2026-04-13T19:10:29Z",
            "disk": 80,
            "droplet_agent": null,
            "graceful_shutdown": false,
            "id": "564734945",
            "image": "ubuntu-24-04-x64",
            "ipv4_address": "46.101.127.217",
            "ipv4_address_private": "10.114.0.4",
            "ipv6": false,
            "ipv6_address": "",
            "locked": false,
            "memory": 4096,
            "monitoring": false,
            "name": "web",
            "price_hourly": 0.03571,
            "price_monthly": 24,
            "private_networking": true,
            "region": "fra1",
            "resize_disk": true,
            "size": "s-2vcpu-4gb",
            "ssh_keys": [
              "54339138",
              "54343278",
              "54350859",
              "54550717"
            ],
            "status": "active",
            "tags": null,
            "timeouts": null,
            "urn": "do:droplet:564734945",
            "user_data": null,
            "vcpus": 2,
            "volume_ids": [],
            "vpc_uuid": "e80e5896-668c-406e-92f8-d575e106a9c7"
          },
          "sensitive_attributes": [],
          "identity_schema_version": 0,
          "private": "eyJlMmJmYjczMC1lY2FhLTExZTYtOGY4OC0zNDM2M2JjN2M0YzAiOnsiY3JlYXRlIjozNjAwMDAwMDAwMDAwLCJkZWxldGUiOjYwMDAwMDAwMDAwLCJ1cGRhdGUiOjM2MDAwMDAwMDAwMDB9LCJzY2hlbWFfdmVyc2lvbiI6IjEifQ==",
          "dependencies": [
            "data.digitalocean_ssh_keys.all"
          ]
        }
      ]
    }
  ],
  "check_results": null
}
